
Microsoft Visual Studio Solution File, Format Version 12.00
# Visual Studio Version 16
VisualStudioVersion = 16.0.30114.105
MinimumVisualStudioVersion = 10.0.40219.1
Project("{FAE04EC0-301F-11D3-BF4B-00C04F79EFBC}") = "ART.NET", "ART.NET\ART.NET.csproj", "{459A5994-2E27-4A76-AA89-ECF39D3AC1E5}"
EndProject
Project("{FAE04EC0-301F-11D3-BF4B-00C04F79EFBC}") = "ART.NET.Test", "ART.NET.Test\ART.NET.Test.csproj", "{675F3AC4-5456-4B23-9DE2-C01419BDBFED}"
EndProject
Project("{FAE04EC0-301F-11D3-BF4B-00C04F79EFBC}") = "ART.NET.Console", "ART.NET.Console\ART.NET.Console.csproj", "{BF884FD1-1699-44D7-B9F2-EFC647376206}"
EndProject
Global
	GlobalSection(SolutionConfigurationPlatforms) = preSolution
		Debug|Any CPU = Debug|Any CPU
		Release|Any CPU = Release|Any CPU
	EndGlobalSection
	GlobalSection(SolutionProperties) = preSolution
		HideSolutionNode = FALSE
	EndGlobalSection
	GlobalSection(ProjectConfigurationPlatforms) = postSolution
		{459A5994-2E27-4A76-AA89-ECF39D3AC1E5}.Debug|Any CPU.ActiveCfg = Debug|Any CPU
		{459A5994-2E27-4A76-AA89-ECF39D3AC1E5}.Debug|Any CPU.Build.0 = Debug|Any CPU
		{459A5994-2E27-4A76-AA89-ECF39D3AC1E5}.Release|Any CPU.ActiveCfg = Release|Any CPU
		{459A5994-2E27-4A76-AA89-ECF39D3AC1E5}.Release|Any CPU.Build.0 = Release|Any CPU
		{675F3AC4-5456-4B23-9DE2-C01419BDBFED}.Debug|Any CPU.ActiveCfg = Debug|Any CPU
		{675F3AC4-5456-4B23-9DE2-C01419BDBFED}.Debug|Any CPU.Build.0 = Debug|Any CPU
		{675F3AC4-5456-4B23-9DE2-C01419BDBFED}.Release|Any CPU.ActiveCfg = Release|Any CPU
		{675F3AC4-5456-4B23-9DE2-C01419BDBFED}.Release|Any CPU.Build.0 = Release|Any CPU
		{BF884FD1-1699-44D7-B9F2-EFC647376206}.Debug|Any CPU.ActiveCfg = Debug|Any CPU
		{BF884FD1-1699-44D7-B9F2-EFC647376206}.Debug|Any CPU.Build.0 = Debug|Any CPU
		{BF884FD1-1699-44D7-B9F2-EFC647376206}.Release|Any CPU.ActiveCfg = Release|Any CPU
		{BF884FD1-1699-44D7-B9F2-EFC647376206}.Release|Any CPU.Build.0 = Release|Any CPU
	EndGlobalSection
EndGlobal
